
Microsoft Visual Studio Solution File, Format Version 12.00
# Visual Studio Version 16
VisualStudioVersion = 16.0.33927.289
MinimumVisualStudioVersion = 10.0.40219.1
Project("{2150E333-8FDC-42A3-9474-1A3956D46DE8}") = "Task0", "Task0", "{87761284-6F5B-43A0-893E-2CB0E45F8B66}"
EndProject
Project("{FAE04EC0-301F-11D3-BF4B-00C04F79EFBC}") = "Tyuiu.VengoVE.Sprint5.Task0.V9", "Tyuiu.VengoVE.Sprint5.Task0.V9\Tyuiu.VengoVE.Sprint5.Task0.V9.csproj", "{2A7B920F-D593-4793-ABB1-75CD3A09D7C7}"
EndProject
Project("{FAE04EC0-301F-11D3-BF4B-00C04F79EFBC}") = "Tyuiu.VengoVE.Sprint5.Task0.V9.Lib", "Tyuiu.VengoVE.Sprint5.Task0.V9.Lib\Tyuiu.VengoVE.Sprint5.Task0.V9.Lib.csproj", "{A76FC8AA-7970-4698-9F61-2A6F5E796448}"
EndProject
Project("{FAE04EC0-301F-11D3-BF4B-00C04F79EFBC}") = "Tyuiu.VengoVE.Sprint5.Task0.V9.Test", "Tyuiu.VengoVE.Sprint5.Task0.V9.Test\Tyuiu.VengoVE.Sprint5.Task0.V9.Test.csproj", "{6BB310CE-A9C4-4C99-B6C0-A957F4E6CBC9}"
EndProject
Project("{2150E333-8FDC-42A3-9474-1A3956D46DE8}") = "Task1", "Task1", "{E8D49845-8731-4A3A-AD2A-11B6F12CA39B}"
EndProject
Project("{FAE04EC0-301F-11D3-BF4B-00C04F79EFBC}") = "Tyuiu.VengoVE.Sprint5.Task1.V23", "Tyuiu.VengoVE.Sprint5.Task1.V23\Tyuiu.VengoVE.Sprint5.Task1.V23.csproj", "{293BB2D3-9CE8-4B66-A551-5211568A4B8D}"
EndProject
Project("{FAE04EC0-301F-11D3-BF4B-00C04F79EFBC}") = "Tyuiu.VengoVE.Sprint5.Task1.V23.Lib", "Tyuiu.VengoVE.Sprint5.Task1.V23.Lib\Tyuiu.VengoVE.Sprint5.Task1.V23.Lib.csproj", "{B555828B-8A25-41C7-9598-40F56CD580AD}"
EndProject
Project("{FAE04EC0-301F-11D3-BF4B-00C04F79EFBC}") = "Tyuiu.VengoVE.Sprint5.Task1.V23.Test", "Tyuiu.VengoVE.Sprint5.Task1.V23.Test\Tyuiu.VengoVE.Sprint5.Task1.V23.Test.csproj", "{996E95B9-2667-49B1-9FC8-6AD54608B447}"
EndProject
Project("{2150E333-8FDC-42A3-9474-1A3956D46DE8}") = "Task2", "Task2", "{CC9E443B-9BF2-4111-B88E-10D52E8F3A90}"
EndProject
Project("{FAE04EC0-301F-11D3-BF4B-00C04F79EFBC}") = "Tyuiu.VengoVE.Sprint5.Task2.V27", "Tyuiu.VengoVE.Sprint5.Task2.V27\Tyuiu.VengoVE.Sprint5.Task2.V27.csproj", "{AD6DDB66-B949-46B5-A726-7C79F7EDA626}"
EndProject
Project("{FAE04EC0-301F-11D3-BF4B-00C04F79EFBC}") = "Tyuiu.VengoVE.Sprint5.Task2.V27.Lib", "Tyuiu.VengoVE.Sprint5.Task2.V27.Lib\Tyuiu.VengoVE.Sprint5.Task2.V27.Lib.csproj", "{4126563D-9CD8-461B-A118-05DF905226B5}"
EndProject
Project("{FAE04EC0-301F-11D3-BF4B-00C04F79EFBC}") = "Tyuiu.VengoVE.Sprint5.Task2.V27.Test", "Tyuiu.VengoVE.Sprint5.Task2.V27.Test\Tyuiu.VengoVE.Sprint5.Task2.V27.Test.csproj", "{03AF1282-9BA2-4B38-829A-7E10F9B5A25E}"
EndProject
Project("{2150E333-8FDC-42A3-9474-1A3956D46DE8}") = "Task3", "Task3", "{882C62EE-3077-423A-82E4-ECEEF64FF0AC}"
EndProject
Project("{FAE04EC0-301F-11D3-BF4B-00C04F79EFBC}") = "Tyuiu.VengoVE.Sprint5.Task3.V8", "Tyuiu.VengoVE.Sprint5.Task3.V8\Tyuiu.VengoVE.Sprint5.Task3.V8.csproj", "{33EDA72B-EBF6-43AA-8912-01C59831B45B}"
EndProject
Project("{FAE04EC0-301F-11D3-BF4B-00C04F79EFBC}") = "Tyuiu.VengoVE.Sprint5.Task3.V8.Lib", "Tyuiu.VengoVE.Sprint5.Task3.V8.Lib\Tyuiu.VengoVE.Sprint5.Task3.V8.Lib.csproj", "{CB40D383-1ECB-4714-BE56-9C3BAD9B1075}"
EndProject
Project("{FAE04EC0-301F-11D3-BF4B-00C04F79EFBC}") = "Tyuiu.VengoVE.Sprint5.Task3.V8.Test", "Tyuiu.VengoVE.Sprint5.Task3.V8.Test\Tyuiu.VengoVE.Sprint5.Task3.V8.Test.csproj", "{8F470F94-2490-41D4-95BD-4CBA93DEA7AF}"
EndProject
Global
	GlobalSection(SolutionConfigurationPlatforms) = preSolution
		Debug|Any CPU = Debug|Any CPU
		Release|Any CPU = Release|Any CPU
	EndGlobalSection
	GlobalSection(ProjectConfigurationPlatforms) = postSolution
		{2A7B920F-D593-4793-ABB1-75CD3A09D7C7}.Debug|Any CPU.ActiveCfg = Debug|Any CPU
		{2A7B920F-D593-4793-ABB1-75CD3A09D7C7}.Debug|Any CPU.Build.0 = Debug|Any CPU
		{2A7B920F-D593-4793-ABB1-75CD3A09D7C7}.Release|Any CPU.ActiveCfg = Release|Any CPU
		{2A7B920F-D593-4793-ABB1-75CD3A09D7C7}.Release|Any CPU.Build.0 = Release|Any CPU
		{A76FC8AA-7970-4698-9F61-2A6F5E796448}.Debug|Any CPU.ActiveCfg = Debug|Any CPU
		{A76FC8AA-7970-4698-9F61-2A6F5E796448}.Debug|Any CPU.Build.0 = Debug|Any CPU
		{A76FC8AA-7970-4698-9F61-2A6F5E796448}.Release|Any CPU.ActiveCfg = Release|Any CPU
		{A76FC8AA-7970-4698-9F61-2A6F5E796448}.Release|Any CPU.Build.0 = Release|Any CPU
		{6BB310CE-A9C4-4C99-B6C0-A957F4E6CBC9}.Debug|Any CPU.ActiveCfg = Debug|Any CPU
		{6BB310CE-A9C4-4C99-B6C0-A957F4E6CBC9}.Debug|Any CPU.Build.0 = Debug|Any CPU
		{6BB310CE-A9C4-4C99-B6C0-A957F4E6CBC9}.Release|Any CPU.ActiveCfg = Release|Any CPU
		{6BB310CE-A9C4-4C99-B6C0-A957F4E6CBC9}.Release|Any CPU.Build.0 = Release|Any CPU
		{293BB2D3-9CE8-4B66-A551-5211568A4B8D}.Debug|Any CPU.ActiveCfg = Debug|Any CPU
		{293BB2D3-9CE8-4B66-A551-5211568A4B8D}.Debug|Any CPU.Build.0 = Debug|Any CPU
		{293BB2D3-9CE8-4B66-A551-5211568A4B8D}.Release|Any CPU.ActiveCfg = Release|Any CPU
		{293BB2D3-9CE8-4B66-A551-5211568A4B8D}.Release|Any CPU.Build.0 = Release|Any CPU
		{B555828B-8A25-41C7-9598-40F56CD580AD}.Debug|Any CPU.ActiveCfg = Debug|Any CPU
		{B555828B-8A25-41C7-9598-40F56CD580AD}.Debug|Any CPU.Build.0 = Debug|Any CPU
		{B555828B-8A25-41C7-9598-40F56CD580AD}.Release|Any CPU.ActiveCfg = Release|Any CPU
		{B555828B-8A25-41C7-9598-40F56CD580AD}.Release|Any CPU.Build.0 = Release|Any CPU
		{996E95B9-2667-49B1-9FC8-6AD54608B447}.Debug|Any CPU.ActiveCfg = Debug|Any CPU
		{996E95B9-2667-49B1-9FC8-6AD54608B447}.Debug|Any CPU.Build.0 = Debug|Any CPU
		{996E95B9-2667-49B1-9FC8-6AD54608B447}.Release|Any CPU.ActiveCfg = Release|Any CPU
		{996E95B9-2667-49B1-9FC8-6AD54608B447}.Release|Any CPU.Build.0 = Release|Any CPU
		{AD6DDB66-B949-46B5-A726-7C79F7EDA626}.Debug|Any CPU.ActiveCfg = Debug|Any CPU
		{AD6DDB66-B949-46B5-A726-7C79F7EDA626}.Debug|Any CPU.Build.0 = Debug|Any CPU
		{AD6DDB66-B949-46B5-A726-7C79F7EDA626}.Release|Any CPU.ActiveCfg = Release|Any CPU
		{AD6DDB66-B949-46B5-A726-7C79F7EDA626}.Release|Any CPU.Build.0 = Release|Any CPU
		{4126563D-9CD8-461B-A118-05DF905226B5}.Debug|Any CPU.ActiveCfg = Debug|Any CPU
		{4126563D-9CD8-461B-A118-05DF905226B5}.Debug|Any CPU.Build.0 = Debug|Any CPU
		{4126563D-9CD8-461B-A118-05DF905226B5}.Release|Any CPU.ActiveCfg = Release|Any CPU
		{4126563D-9CD8-461B-A118-05DF905226B5}.Release|Any CPU.Build.0 = Release|Any CPU
		{03AF1282-9BA2-4B38-829A-7E10F9B5A25E}.Debug|Any CPU.ActiveCfg = Debug|Any CPU
		{03AF1282-9BA2-4B38-829A-7E10F9B5A25E}.Debug|Any CPU.Build.0 = Debug|Any CPU
		{03AF1282-9BA2-4B38-829A-7E10F9B5A25E}.Release|Any CPU.ActiveCfg = Release|Any CPU
		{03AF1282-9BA2-4B38-829A-7E10F9B5A25E}.Release|Any CPU.Build.0 = Release|Any CPU
		{33EDA72B-EBF6-43AA-8912-01C59831B45B}.Debug|Any CPU.ActiveCfg = Debug|Any CPU
		{33EDA72B-EBF6-43AA-8912-01C59831B45B}.Debug|Any CPU.Build.0 = Debug|Any CPU
		{33EDA72B-EBF6-43AA-8912-01C59831B45B}.Release|Any CPU.ActiveCfg = Release|Any CPU
		{33EDA72B-EBF6-43AA-8912-01C59831B45B}.Release|Any CPU.Build.0 = Release|Any CPU
		{CB40D383-1ECB-4714-BE56-9C3BAD9B1075}.Debug|Any CPU.ActiveCfg = Debug|Any CPU
		{CB40D383-1ECB-4714-BE56-9C3BAD9B1075}.Debug|Any CPU.Build.0 = Debug|Any CPU
		{CB40D383-1ECB-4714-BE56-9C3BAD9B1075}.Release|Any CPU.ActiveCfg = Release|Any CPU
		{CB40D383-1ECB-4714-BE56-9C3BAD9B1075}.Release|Any CPU.Build.0 = Release|Any CPU
		{8F470F94-2490-41D4-95BD-4CBA93DEA7AF}.Debug|Any CPU.ActiveCfg = Debug|Any CPU
		{8F470F94-2490-41D4-95BD-4CBA93DEA7AF}.Debug|Any CPU.Build.0 = Debug|Any CPU
		{8F470F94-2490-41D4-95BD-4CBA93DEA7AF}.Release|Any CPU.ActiveCfg = Release|Any CPU
		{8F470F94-2490-41D4-95BD-4CBA93DEA7AF}.Release|Any CPU.Build.0 = Release|Any CPU
	EndGlobalSection
	GlobalSection(SolutionProperties) = preSolution
		HideSolutionNode = FALSE
	EndGlobalSection
	GlobalSection(NestedProjects) = preSolution
		{2A7B920F-D593-4793-ABB1-75CD3A09D7C7} = {87761284-6F5B-43A0-893E-2CB0E45F8B66}
		{A76FC8AA-7970-4698-9F61-2A6F5E796448} = {87761284-6F5B-43A0-893E-2CB0E45F8B66}
		{6BB310CE-A9C4-4C99-B6C0-A957F4E6CBC9} = {87761284-6F5B-43A0-893E-2CB0E45F8B66}
		{293BB2D3-9CE8-4B66-A551-5211568A4B8D} = {E8D49845-8731-4A3A-AD2A-11B6F12CA39B}
		{B555828B-8A25-41C7-9598-40F56CD580AD} = {E8D49845-8731-4A3A-AD2A-11B6F12CA39B}
		{996E95B9-2667-49B1-9FC8-6AD54608B447} = {E8D49845-8731-4A3A-AD2A-11B6F12CA39B}
		{AD6DDB66-B949-46B5-A726-7C79F7EDA626} = {CC9E443B-9BF2-4111-B88E-10D52E8F3A90}
		{4126563D-9CD8-461B-A118-05DF905226B5} = {CC9E443B-9BF2-4111-B88E-10D52E8F3A90}
		{03AF1282-9BA2-4B38-829A-7E10F9B5A25E} = {CC9E443B-9BF2-4111-B88E-10D52E8F3A90}
		{33EDA72B-EBF6-43AA-8912-01C59831B45B} = {882C62EE-3077-423A-82E4-ECEEF64FF0AC}
		{CB40D383-1ECB-4714-BE56-9C3BAD9B1075} = {882C62EE-3077-423A-82E4-ECEEF64FF0AC}
		{8F470F94-2490-41D4-95BD-4CBA93DEA7AF} = {882C62EE-3077-423A-82E4-ECEEF64FF0AC}
	EndGlobalSection
	GlobalSection(ExtensibilityGlobals) = postSolution
		SolutionGuid = {3F1C7671-673C-47A1-BE66-B8FC44078BEA}
	EndGlobalSection
EndGlobal
